// !$*UTF8*$!
{
	archiveVersion = 1;
	classes = {
	};
	objectVersion = 46;
	objects = {

/* Begin PBXBuildFile section */
		E299170A18C3C8A000F0DADA /* Foundation.framework in Frameworks */ = {isa = PBXBuildFile; fileRef = E299170918C3C8A000F0DADA /* Foundation.framework */; };
		E299170C18C3C8A000F0DADA /* CoreGraphics.framework in Frameworks */ = {isa = PBXBuildFile; fileRef = E299170B18C3C8A000F0DADA /* CoreGraphics.framework */; };
		E299170E18C3C8A000F0DADA /* UIKit.framework in Frameworks */ = {isa = PBXBuildFile; fileRef = E299170D18C3C8A000F0DADA /* UIKit.framework */; };
		E299171418C3C8A000F0DADA /* InfoPlist.strings in Resources */ = {isa = PBXBuildFile; fileRef = E299171218C3C8A000F0DADA /* InfoPlist.strings */; };
		E299171618C3C8A000F0DADA /* main.m in Sources */ = {isa = PBXBuildFile; fileRef = E299171518C3C8A000F0DADA /* main.m */; };
		E299171A18C3C8A000F0DADA /* DRVAppDelegate.m in Sources */ = {isa = PBXBuildFile; fileRef = E299171918C3C8A000F0DADA /* DRVAppDelegate.m */; };
		E299171C18C3C8A000F0DADA /* Images.xcassets in Resources */ = {isa = PBXBuildFile; fileRef = E299171B18C3C8A000F0DADA /* Images.xcassets */; };
		E299172318C3C8A000F0DADA /* XCTest.framework in Frameworks */ = {isa = PBXBuildFile; fileRef = E299172218C3C8A000F0DADA /* XCTest.framework */; };
		E299172418C3C8A000F0DADA /* Foundation.framework in Frameworks */ = {isa = PBXBuildFile; fileRef = E299170918C3C8A000F0DADA /* Foundation.framework */; };
		E299172518C3C8A000F0DADA /* UIKit.framework in Frameworks */ = {isa = PBXBuildFile; fileRef = E299170D18C3C8A000F0DADA /* UIKit.framework */; };
		E299172D18C3C8A000F0DADA /* InfoPlist.strings in Resources */ = {isa = PBXBuildFile; fileRef = E299172B18C3C8A000F0DADA /* InfoPlist.strings */; };
		E299172F18C3C8A000F0DADA /* MyDriverTests.m in Sources */ = {isa = PBXBuildFile; fileRef = E299172E18C3C8A000F0DADA /* MyDriverTests.m */; };
		E2DE26C718C3CCC200B47B26 /* Main.storyboard in Resources */ = {isa = PBXBuildFile; fileRef = E2DE26C618C3CCC200B47B26 /* Main.storyboard */; };
/* End PBXBuildFile section */

/* Begin PBXContainerItemProxy section */
		E299172618C3C8A000F0DADA /* PBXContainerItemProxy */ = {
			isa = PBXContainerItemProxy;
			containerPortal = E29916FE18C3C8A000F0DADA /* Project object */;
			proxyType = 1;
			remoteGlobalIDString = E299170518C3C8A000F0DADA;
			remoteInfo = MyDriver;
		};
/* End PBXContainerItemProxy section */

/* Begin PBXFileReference section */
		E299170618C3C8A000F0DADA /* MyDriver.app */ = {isa = PBXFileReference; explicitFileType = wrapper.application; includeInIndex = 0; path = MyDriver.app; sourceTree = BUILT_PRODUCTS_DIR; };
		E299170918C3C8A000F0DADA /* Foundation.framework */ = {isa = PBXFileReference; lastKnownFileType = wrapper.framework; name = Foundation.framework; path = System/Library/Frameworks/Foundation.framework; sourceTree = SDKROOT; };
		E299170B18C3C8A000F0DADA /* CoreGraphics.framework */ = {isa = PBXFileReference; lastKnownFileType = wrapper.framework; name = CoreGraphics.framework; path = System/Library/Frameworks/CoreGraphics.framework; sourceTree = SDKROOT; };
		E299170D18C3C8A000F0DADA /* UIKit.framework */ = {isa = PBXFileReference; lastKnownFileType = wrapper.framework; name = UIKit.framework; path = System/Library/Frameworks/UIKit.framework; sourceTree = SDKROOT; };
		E299171118C3C8A000F0DADA /* MyDriver-Info.plist */ = {isa = PBXFileReference; lastKnownFileType = text.plist.xml; path = "MyDriver-Info.plist"; sourceTree = "<group>"; };
		E299171318C3C8A000F0DADA /* en */ = {isa = PBXFileReference; lastKnownFileType = text.plist.strings; name = en; path = en.lproj/InfoPlist.strings; sourceTree = "<group>"; };
		E299171518C3C8A000F0DADA /* main.m */ = {isa = PBXFileReference; lastKnownFileType = sourcecode.c.objc; path = main.m; sourceTree = "<group>"; };
		E299171718C3C8A000F0DADA /* MyDriver-Prefix.pch */ = {isa = PBXFileReference; lastKnownFileType = sourcecode.c.h; path = "MyDriver-Prefix.pch"; sourceTree = "<group>"; };
		E299171818C3C8A000F0DADA /* DRVAppDelegate.h */ = {isa = PBXFileReference; lastKnownFileType = sourcecode.c.h; path = DRVAppDelegate.h; sourceTree = "<group>"; };
		E299171918C3C8A000F0DADA /* DRVAppDelegate.m */ = {isa = PBXFileReference; lastKnownFileType = sourcecode.c.objc; path = DRVAppDelegate.m; sourceTree = "<group>"; };
		E299171B18C3C8A000F0DADA /* Images.xcassets */ = {isa = PBXFileReference; lastKnownFileType = folder.assetcatalog; path = Images.xcassets; sourceTree = "<group>"; };
		E299172118C3C8A000F0DADA /* MyDriverTests.xctest */ = {isa = PBXFileReference; explicitFileType = wrapper.cfbundle; includeInIndex = 0; path = MyDriverTests.xctest; sourceTree = BUILT_PRODUCTS_DIR; };
		E299172218C3C8A000F0DADA /* XCTest.framework */ = {isa = PBXFileReference; lastKnownFileType = wrapper.framework; name = XCTest.framework; path = Library/Frameworks/XCTest.framework; sourceTree = DEVELOPER_DIR; };
		E299172A18C3C8A000F0DADA /* MyDriverTests-Info.plist */ = {isa = PBXFileReference; lastKnownFileType = text.plist.xml; path = "MyDriverTests-Info.plist"; sourceTree = "<group>"; };
		E299172C18C3C8A000F0DADA /* en */ = {isa = PBXFileReference; lastKnownFileType = text.plist.strings; name = en; path = en.lproj/InfoPlist.strings; sourceTree = "<group>"; };
		E299172E18C3C8A000F0DADA /* MyDriverTests.m */ = {isa = PBXFileReference; lastKnownFileType = sourcecode.c.objc; path = MyDriverTests.m; sourceTree = "<group>"; };
		E2DE26C618C3CCC200B47B26 /* Main.storyboard */ = {isa = PBXFileReference; fileEncoding = 4; lastKnownFileType = file.storyboard; path = Main.storyboard; sourceTree = "<group>"; };
/* End PBXFileReference section */

/* Begin PBXFrameworksBuildPhase section */
		E299170318C3C8A000F0DADA /* Frameworks */ = {
			isa = PBXFrameworksBuildPhase;
			buildActionMask = 2147483647;
			files = (
				E299170C18C3C8A000F0DADA /* CoreGraphics.framework in Frameworks */,
				E299170E18C3C8A000F0DADA /* UIKit.framework in Frameworks */,
				E299170A18C3C8A000F0DADA /* Foundation.framework in Frameworks */,
			);
			runOnlyForDeploymentPostprocessing = 0;
		};
		E299171E18C3C8A000F0DADA /* Frameworks */ = {
			isa = PBXFrameworksBuildPhase;
			buildActionMask = 2147483647;
			files = (
				E299172318C3C8A000F0DADA /* XCTest.framework in Frameworks */,
				E299172518C3C8A000F0DADA /* UIKit.framework in Frameworks */,
				E299172418C3C8A000F0DADA /* Foundation.framework in Frameworks */,
			);
			runOnlyForDeploymentPostprocessing = 0;
		};
/* End PBXFrameworksBuildPhase section */

/* Begin PBXGroup section */
		E29916FD18C3C8A000F0DADA = {
			isa = PBXGroup;
			children = (
				E299170F18C3C8A000F0DADA /* MyDriver */,
				E299172818C3C8A000F0DADA /* MyDriverTests */,
				E299170818C3C8A000F0DADA /* Frameworks */,
				E299170718C3C8A000F0DADA /* Products */,
			);
			sourceTree = "<group>";
		};
		E299170718C3C8A000F0DADA /* Products */ = {
			isa = PBXGroup;
			children = (
				E299170618C3C8A000F0DADA /* MyDriver.app */,
				E299172118C3C8A000F0DADA /* MyDriverTests.xctest */,
			);
			name = Products;
			sourceTree = "<group>";
		};
		E299170818C3C8A000F0DADA /* Frameworks */ = {
			isa = PBXGroup;
			children = (
				E299170918C3C8A000F0DADA /* Foundation.framework */,
				E299170B18C3C8A000F0DADA /* CoreGraphics.framework */,
				E299170D18C3C8A000F0DADA /* UIKit.framework */,
				E299172218C3C8A000F0DADA /* XCTest.framework */,
			);
			name = Frameworks;
			sourceTree = "<group>";
		};
		E299170F18C3C8A000F0DADA /* MyDriver */ = {
			isa = PBXGroup;
			children = (
				E2DE26C618C3CCC200B47B26 /* Main.storyboard */,
				E299171818C3C8A000F0DADA /* DRVAppDelegate.h */,
				E299171918C3C8A000F0DADA /* DRVAppDelegate.m */,
				E299171B18C3C8A000F0DADA /* Images.xcassets */,
				E299171018C3C8A000F0DADA /* Supporting Files */,
			);
			path = MyDriver;
			sourceTree = "<group>";
		};
		E299171018C3C8A000F0DADA /* Supporting Files */ = {
			isa = PBXGroup;
			children = (
				E299171118C3C8A000F0DADA /* MyDriver-Info.plist */,
				E299171218C3C8A000F0DADA /* InfoPlist.strings */,
				E299171518C3C8A000F0DADA /* main.m */,
				E299171718C3C8A000F0DADA /* MyDriver-Prefix.pch */,
			);
			name = "Supporting Files";
			sourceTree = "<group>";
		};
		E299172818C3C8A000F0DADA /* MyDriverTests */ = {
			isa = PBXGroup;
			children = (
				E299172E18C3C8A000F0DADA /* MyDriverTests.m */,
				E299172918C3C8A000F0DADA /* Supporting Files */,
			);
			path = MyDriverTests;
			sourceTree = "<group>";
		};
		E299172918C3C8A000F0DADA /* Supporting Files */ = {
			isa = PBXGroup;
			children = (
				E299172A18C3C8A000F0DADA /* MyDriverTests-Info.plist */,
				E299172B18C3C8A000F0DADA /* InfoPlist.strings */,
			);
			name = "Supporting Files";
			sourceTree = "<group>";
		};
/* End PBXGroup section */

/* Begin PBXNativeTarget section */
		E299170518C3C8A000F0DADA /* MyDriver */ = {
			isa = PBXNativeTarget;
			buildConfigurationList = E299173218C3C8A000F0DADA /* Build configuration list for PBXNativeTarget "MyDriver" */;
			buildPhases = (
				E299170218C3C8A000F0DADA /* Sources */,
				E299170318C3C8A000F0DADA /* Frameworks */,
				E299170418C3C8A000F0DADA /* Resources */,
			);
			buildRules = (
			);
			dependencies = (
			);
			name = MyDriver;
			productName = MyDriver;
			productReference = E299170618C3C8A000F0DADA /* MyDriver.app */;
			productType = "com.apple.product-type.application";
		};
		E299172018C3C8A000F0DADA /* MyDriverTests */ = {
			isa = PBXNativeTarget;
			buildConfigurationList = E299173518C3C8A000F0DADA /* Build configuration list for PBXNativeTarget "MyDriverTests" */;
			buildPhases = (
				E299171D18C3C8A000F0DADA /* Sources */,
				E299171E18C3C8A000F0DADA /* Frameworks */,
				E299171F18C3C8A000F0DADA /* Resources */,
			);
			buildRules = (
			);
			dependencies = (
				E299172718C3C8A000F0DADA /* PBXTargetDependency */,
			);
			name = MyDriverTests;
			productName = MyDriverTests;
			productReference = E299172118C3C8A000F0DADA /* MyDriverTests.xctest */;
			productType = "com.apple.product-type.bundle.unit-test";
		};
/* End PBXNativeTarget section */

/* Begin PBXProject section */
		E29916FE18C3C8A000F0DADA /* Project object */ = {
			isa = PBXProject;
			attributes = {
				CLASSPREFIX = DRV;
				LastUpgradeCheck = 0500;
				ORGANIZATIONNAME = Tom;
				TargetAttributes = {
					E299172018C3C8A000F0DADA = {
						TestTargetID = E299170518C3C8A000F0DADA;
					};
				};
			};
			buildConfigurationList = E299170118C3C8A000F0DADA /* Build configuration list for PBXProject "MyDriver" */;
			compatibilityVersion = "Xcode 3.2";
			developmentRegion = English;
			hasScannedForEncodings = 0;
			knownRegions = (
				en,
			);
			mainGroup = E29916FD18C3C8A000F0DADA;
			productRefGroup = E299170718C3C8A000F0DADA /* Products */;
			projectDirPath = "";
			projectRoot = "";
			targets = (
				E299170518C3C8A000F0DADA /* MyDriver */,
				E299172018C3C8A000F0DADA /* MyDriverTests */,
			);
		};
/* End PBXProject section */

/* Begin PBXResourcesBuildPhase section */
		E299170418C3C8A000F0DADA /* Resources */ = {
			isa = PBXResourcesBuildPhase;
			buildActionMask = 2147483647;
			files = (
				E2DE26C718C3CCC200B47B26 /* Main.storyboard in Resources */,
				E299171418C3C8A000F0DADA /* InfoPlist.strings in Resources */,
				E299171C18C3C8A000F0DADA /* Images.xcassets in Resources */,
			);
			runOnlyForDeploymentPostprocessing = 0;
		};
		E299171F18C3C8A000F0DADA /* Resources */ = {
			isa = PBXResourcesBuildPhase;
			buildActionMask = 2147483647;
			files = (
				E299172D18C3C8A000F0DADA /* InfoPlist.strings in Resources */,
			);
			runOnlyForDeploymentPostprocessing = 0;
		};
/* End PBXResourcesBuildPhase section */

/* Begin PBXSourcesBuildPhase section */
		E299170218C3C8A000F0DADA /* Sources */ = {
			isa = PBXSourcesBuildPhase;
			buildActionMask = 2147483647;
			files = (
				E299171618C3C8A000F0DADA /* main.m in Sources */,
				E299171A18C3C8A000F0DADA /* DRVAppDelegate.m in Sources */,
			);
			runOnlyForDeploymentPostprocessing = 0;
		};
		E299171D18C3C8A000F0DADA /* Sources */ = {
			isa = PBXSourcesBuildPhase;
			buildActionMask = 2147483647;
			files = (
				E299172F18C3C8A000F0DADA /* MyDriverTests.m in Sources */,
			);
			runOnlyForDeploymentPostprocessing = 0;
		};
/* End PBXSourcesBuildPhase section */

/* Begin PBXTargetDependency section */
		E299172718C3C8A000F0DADA /* PBXTargetDependency */ = {
			isa = PBXTargetDependency;
			target = E299170518C3C8A000F0DADA /* MyDriver */;
			targetProxy = E299172618C3C8A000F0DADA /* PBXContainerItemProxy */;
		};
/* End PBXTargetDependency section */

/* Begin PBXVariantGroup section */
		E299171218C3C8A000F0DADA /* InfoPlist.strings */ = {
			isa = PBXVariantGroup;
			children = (
				E299171318C3C8A000F0DADA /* en */,
			);
			name = InfoPlist.strings;
			sourceTree = "<group>";
		};
		E299172B18C3C8A000F0DADA /* InfoPlist.strings */ = {
			isa = PBXVariantGroup;
			children = (
				E299172C18C3C8A000F0DADA /* en */,
			);
			name = InfoPlist.strings;
			sourceTree = "<group>";
		};
/* End PBXVariantGroup section */

/* Begin XCBuildConfiguration section */
		E299173018C3C8A000F0DADA /* Debug */ = {
			isa = XCBuildConfiguration;
			buildSettings = {
				ALWAYS_SEARCH_USER_PATHS = NO;
				ARCHS = "$(ARCHS_STANDARD_INCLUDING_64_BIT)";
				CLANG_CXX_LANGUAGE_STANDARD = "gnu++0x";
				CLANG_CXX_LIBRARY = "libc++";
				CLANG_ENABLE_MODULES = YES;
				CLANG_ENABLE_OBJC_ARC = YES;
				CLANG_WARN_BOOL_CONVERSION = YES;
				CLANG_WARN_CONSTANT_CONVERSION = YES;
				CLANG_WARN_DIRECT_OBJC_ISA_USAGE = YES_ERROR;
				CLANG_WARN_EMPTY_BODY = YES;
				CLANG_WARN_ENUM_CONVERSION = YES;
				CLANG_WARN_INT_CONVERSION = YES;
				CLANG_WARN_OBJC_ROOT_CLASS = YES_ERROR;
				CLANG_WARN__DUPLICATE_METHOD_MATCH = YES;
				"CODE_SIGN_IDENTITY[sdk=iphoneos*]" = "iPhone Developer";
				COPY_PHASE_STRIP = NO;
				GCC_C_LANGUAGE_STANDARD = gnu99;
				GCC_DYNAMIC_NO_PIC = NO;
				GCC_OPTIMIZATION_LEVEL = 0;
				GCC_PREPROCESSOR_DEFINITIONS = (
					"DEBUG=1",
					"$(inherited)",
				);
				GCC_SYMBOLS_PRIVATE_EXTERN = NO;
				GCC_WARN_64_TO_32_BIT_CONVERSION = YES;
				GCC_WARN_ABOUT_RETURN_TYPE = YES_ERROR;
				GCC_WARN_UNDECLARED_SELECTOR = YES;
				GCC_WARN_UNINITIALIZED_AUTOS = YES;
				GCC_WARN_UNUSED_FUNCTION = YES;
				GCC_WARN_UNUSED_VARIABLE = YES;
				IPHONEOS_DEPLOYMENT_TARGET = 7.0;
				ONLY_ACTIVE_ARCH = YES;
				SDKROOT = iphoneos;
			};
			name = Debug;
		};
		E299173118C3C8A000F0DADA /* Release */ = {
			isa = XCBuildConfiguration;
			buildSettings = {
				ALWAYS_SEARCH_USER_PATHS = NO;
				ARCHS = "$(ARCHS_STANDARD_INCLUDING_64_BIT)";
				CLANG_CXX_LANGUAGE_STANDARD = "gnu++0x";
				CLANG_CXX_LIBRARY = "libc++";
				CLANG_ENABLE_MODULES = YES;
				CLANG_ENABLE_OBJC_ARC = YES;
				CLANG_WARN_BOOL_CONVERSION = YES;
				CLANG_WARN_CONSTANT_CONVERSION = YES;
				CLANG_WARN_DIRECT_OBJC_ISA_USAGE = YES_ERROR;
				CLANG_WARN_EMPTY_BODY = YES;
				CLANG_WARN_ENUM_CONVERSION = YES;
				CLANG_WARN_INT_CONVERSION = YES;
				CLANG_WARN_OBJC_ROOT_CLASS = YES_ERROR;
				CLANG_WARN__DUPLICATE_METHOD_MATCH = YES;
				"CODE_SIGN_IDENTITY[sdk=iphoneos*]" = "iPhone Developer";
				COPY_PHASE_STRIP = YES;
				ENABLE_NS_ASSERTIONS = NO;
				GCC_C_LANGUAGE_STANDARD = gnu99;
				GCC_WARN_64_TO_32_BIT_CONVERSION = YES;
				GCC_WARN_ABOUT_RETURN_TYPE = YES_ERROR;
				GCC_WARN_UNDECLARED_SELECTOR = YES;
				GCC_WARN_UNINITIALIZED_AUTOS = YES;
				GCC_WARN_UNUSED_FUNCTION = YES;
				GCC_WARN_UNUSED_VARIABLE = YES;
				IPHONEOS_DEPLOYMENT_TARGET = 7.0;
				SDKROOT = iphoneos;
				VALIDATE_PRODUCT = YES;
			};
			name = Release;
		};
		E299173318C3C8A000F0DADA /* Debug */ = {
			isa = XCBuildConfiguration;
			buildSettings = {
				ASSETCATALOG_COMPILER_APPICON_NAME = AppIcon;
				ASSETCATALOG_COMPILER_LAUNCHIMAGE_NAME = LaunchImage;
				GCC_PRECOMPILE_PREFIX_HEADER = YES;
				GCC_PREFIX_HEADER = "MyDriver/MyDriver-Prefix.pch";
				INFOPLIST_FILE = "MyDriver/MyDriver-Info.plist";
				PRODUCT_NAME = "$(TARGET_NAME)";
				WRAPPER_EXTENSION = app;
			};
			name = Debug;
		};
		E299173418C3C8A000F0DADA /* Release */ = {
			isa = XCBuildConfiguration;
			buildSettings = {
				ASSETCATALOG_COMPILER_APPICON_NAME = AppIcon;
				ASSETCATALOG_COMPILER_LAUNCHIMAGE_NAME = LaunchImage;
				GCC_PRECOMPILE_PREFIX_HEADER = YES;
				GCC_PREFIX_HEADER = "MyDriver/MyDriver-Prefix.pch";
				INFOPLIST_FILE = "MyDriver/MyDriver-Info.plist";
				PRODUCT_NAME = "$(TARGET_NAME)";
				WRAPPER_EXTENSION = app;
			};
			name = Release;
		};
		E299173618C3C8A000F0DADA /* Debug */ = {
			isa = XCBuildConfiguration;
			buildSettings = {
				ARCHS = "$(ARCHS_STANDARD_INCLUDING_64_BIT)";
				BUNDLE_LOADER = "$(BUILT_PRODUCTS_DIR)/MyDriver.app/MyDriver";
				FRAMEWORK_SEARCH_PATHS = (
					"$(SDKROOT)/Developer/Library/Frameworks",
					"$(inherited)",
					"$(DEVELOPER_FRAMEWORKS_DIR)",
				);
				GCC_PRECOMPILE_PREFIX_HEADER = YES;
				GCC_PREFIX_HEADER = "MyDriver/MyDriver-Prefix.pch";
				GCC_PREPROCESSOR_DEFINITIONS = (
					"DEBUG=1",
					"$(inherited)",
				);
				INFOPLIST_FILE = "MyDriverTests/MyDriverTests-Info.plist";
				PRODUCT_NAME = "$(TARGET_NAME)";
				TEST_HOST = "$(BUNDLE_LOADER)";
				WRAPPER_EXTENSION = xctest;
			};
			name = Debug;
		};
		E299173718C3C8A000F0DADA /* Release */ = {
			isa = XCBuildConfiguration;
			buildSettings = {
				ARCHS = "$(ARCHS_STANDARD_INCLUDING_64_BIT)";
				BUNDLE_LOADER = "$(BUILT_PRODUCTS_DIR)/MyDriver.app/MyDriver";
				FRAMEWORK_SEARCH_PATHS = (
					"$(SDKROOT)/Developer/Library/Frameworks",
					"$(inherited)",
					"$(DEVELOPER_FRAMEWORKS_DIR)",
				);
				GCC_PRECOMPILE_PREFIX_HEADER = YES;
				GCC_PREFIX_HEADER = "MyDriver/MyDriver-Prefix.pch";
				INFOPLIST_FILE = "MyDriverTests/MyDriverTests-Info.plist";
				PRODUCT_NAME = "$(TARGET_NAME)";
				TEST_HOST = "$(BUNDLE_LOADER)";
				WRAPPER_EXTENSION = xctest;
			};
			name = Release;
		};
/* End XCBuildConfiguration section */

/* Begin XCConfigurationList section */
		E299170118C3C8A000F0DADA /* Build configuration list for PBXProject "MyDriver" */ = {
			isa = XCConfigurationList;
			buildConfigurations = (
				E299173018C3C8A000F0DADA /* Debug */,
				E299173118C3C8A000F0DADA /* Release */,
			);
			defaultConfigurationIsVisible = 0;
			defaultConfigurationName = Release;
		};
		E299173218C3C8A000F0DADA /* Build configuration list for PBXNativeTarget "MyDriver" */ = {
			isa = XCConfigurationList;
			buildConfigurations = (
				E299173318C3C8A000F0DADA /* Debug */,
				E299173418C3C8A000F0DADA /* Release */,
			);
			defaultConfigurationIsVisible = 0;
			defaultConfigurationName = Release;
		};
		E299173518C3C8A000F0DADA /* Build configuration list for PBXNativeTarget "MyDriverTests" */ = {
			isa = XCConfigurationList;
			buildConfigurations = (
				E299173618C3C8A000F0DADA /* Debug */,
				E299173718C3C8A000F0DADA /* Release */,
			);
			defaultConfigurationIsVisible = 0;
			defaultConfigurationName = Release;
		};
/* End XCConfigurationList section */
	};
	rootObject = E29916FE18C3C8A000F0DADA /* Project object */;
}
